
Microsoft Visual Studio Solution File, Format Version 12.00
# Visual Studio 14
VisualStudioVersion = 14.0.25420.1
MinimumVisualStudioVersion = 10.0.40219.1
Project("{2150E333-8FDC-42A3-9474-1A3956D46DE8}") = "Solution Items", "Solution Items", "{759400AF-C00A-46AD-A3F3-BBD09AE2D328}"
	ProjectSection(SolutionItems) = preProject
		Dodatkowo.txt = Dodatkowo.txt
		Informacje!.txt = Informacje!.txt
	EndProjectSection
EndProject
Project("{FAE04EC0-301F-11D3-BF4B-00C04F79EFBC}") = "AplikacjaWindows", "AplikacjaWindows\AplikacjaWindows.csproj", "{2DFD10CE-6873-43BF-BB55-49C38902E742}"
EndProject
Project("{2150E333-8FDC-42A3-9474-1A3956D46DE8}") = "Skrypty SQL", "Skrypty SQL", "{412552AC-075D-4496-8132-492985CC620D}"
	ProjectSection(SolutionItems) = preProject
		Skrypty SQL\dbo.Cenniki.data.sql = Skrypty SQL\dbo.Cenniki.data.sql
		Skrypty SQL\dbo.Cenniki.sql = Skrypty SQL\dbo.Cenniki.sql
		Skrypty SQL\dbo.Ceny.data.sql = Skrypty SQL\dbo.Ceny.data.sql
		Skrypty SQL\dbo.Ceny.sql = Skrypty SQL\dbo.Ceny.sql
		Skrypty SQL\dbo.Towary.data.sql = Skrypty SQL\dbo.Towary.data.sql
		Skrypty SQL\dbo.Towary.sql = Skrypty SQL\dbo.Towary.sql
	EndProjectSection
EndProject
Project("{2150E333-8FDC-42A3-9474-1A3956D46DE8}") = "Pliki danych", "Pliki danych", "{A9FC4F83-C448-4C97-B063-970B34BAECD8}"
	ProjectSection(SolutionItems) = preProject
		Pliki danych\CENNIKI.csv = Pliki danych\CENNIKI.csv
		Pliki danych\CENNIKI.xml = Pliki danych\CENNIKI.xml
		Pliki danych\CENY.csv = Pliki danych\CENY.csv
		Pliki danych\CENY.xml = Pliki danych\CENY.xml
		Pliki danych\TOWARY.csv = Pliki danych\TOWARY.csv
		Pliki danych\Towary.mdf = Pliki danych\Towary.mdf
		Pliki danych\TOWARY.xml = Pliki danych\TOWARY.xml
	EndProjectSection
EndProject
Global
	GlobalSection(SolutionConfigurationPlatforms) = preSolution
		Debug|Any CPU = Debug|Any CPU
		Release|Any CPU = Release|Any CPU
	EndGlobalSection
	GlobalSection(ProjectConfigurationPlatforms) = postSolution
		{2DFD10CE-6873-43BF-BB55-49C38902E742}.Debug|Any CPU.ActiveCfg = Debug|Any CPU
		{2DFD10CE-6873-43BF-BB55-49C38902E742}.Debug|Any CPU.Build.0 = Debug|Any CPU
		{2DFD10CE-6873-43BF-BB55-49C38902E742}.Release|Any CPU.ActiveCfg = Release|Any CPU
		{2DFD10CE-6873-43BF-BB55-49C38902E742}.Release|Any CPU.Build.0 = Release|Any CPU
	EndGlobalSection
	GlobalSection(SolutionProperties) = preSolution
		HideSolutionNode = FALSE
	EndGlobalSection
	GlobalSection(NestedProjects) = preSolution
		{412552AC-075D-4496-8132-492985CC620D} = {759400AF-C00A-46AD-A3F3-BBD09AE2D328}
		{A9FC4F83-C448-4C97-B063-970B34BAECD8} = {759400AF-C00A-46AD-A3F3-BBD09AE2D328}
	EndGlobalSection
EndGlobal
